
Microsoft Visual Studio Solution File, Format Version 12.00
# Visual Studio 14
VisualStudioVersion = 14.0.25420.1
MinimumVisualStudioVersion = 10.0.40219.1
Project("{888888A0-9F3D-457C-B088-3A5042F75D52}") = "SampleTemplate", "SampleTemplate\SampleTemplate.pyproj", "{C03CB7C3-D75F-4EFF-9EC1-BBA23976C974}"
EndProject
Project("{888888A0-9F3D-457C-B088-3A5042F75D52}") = "CheckPresenceOnPing", "CheckPresenceOnPing\CheckPresenceOnPing.pyproj", "{3173CC74-73C8-474D-93AE-309618AB1514}"
EndProject
Project("{888888A0-9F3D-457C-B088-3A5042F75D52}") = "QRCodeGenerator", "QRCodeGenerator\QRCodeGenerator.pyproj", "{C156BB38-6D66-4790-8F5E-BCCA5755451E}"
EndProject
Global
	GlobalSection(SolutionConfigurationPlatforms) = preSolution
		Debug|Any CPU = Debug|Any CPU
		Release|Any CPU = Release|Any CPU
	EndGlobalSection
	GlobalSection(ProjectConfigurationPlatforms) = postSolution
		{C03CB7C3-D75F-4EFF-9EC1-BBA23976C974}.Debug|Any CPU.ActiveCfg = Debug|Any CPU
		{C03CB7C3-D75F-4EFF-9EC1-BBA23976C974}.Release|Any CPU.ActiveCfg = Release|Any CPU
		{3173CC74-73C8-474D-93AE-309618AB1514}.Debug|Any CPU.ActiveCfg = Debug|Any CPU
		{3173CC74-73C8-474D-93AE-309618AB1514}.Release|Any CPU.ActiveCfg = Release|Any CPU
		{C156BB38-6D66-4790-8F5E-BCCA5755451E}.Debug|Any CPU.ActiveCfg = Debug|Any CPU
		{C156BB38-6D66-4790-8F5E-BCCA5755451E}.Release|Any CPU.ActiveCfg = Release|Any CPU
	EndGlobalSection
	GlobalSection(SolutionProperties) = preSolution
		HideSolutionNode = FALSE
	EndGlobalSection
EndGlobal
